
Microsoft Visual Studio Solution File, Format Version 12.00
# Visual Studio Version 17
VisualStudioVersion = 17.10.35122.118
MinimumVisualStudioVersion = 10.0.40219.1
Project("{FAE04EC0-301F-11D3-BF4B-00C04F79EFBC}") = "GeometryCs", "GeometryCs\GeometryCs.csproj", "{33E306AE-4F62-479B-9FD2-F08B393AFB70}"
EndProject
Project("{FAE04EC0-301F-11D3-BF4B-00C04F79EFBC}") = "ChessBoard", "ChessBoard\ChessBoard.csproj", "{A5930A37-A56B-4BEF-9CA1-9ED063AAD6F0}"
EndProject
Project("{FAE04EC0-301F-11D3-BF4B-00C04F79EFBC}") = "Game", "Game\Game.csproj", "{33E306AE-4F62-479B-9FD2-F08B393AFB71}"
EndProject
Global
	GlobalSection(SolutionConfigurationPlatforms) = preSolution
		Debug|Any CPU = Debug|Any CPU
		Release|Any CPU = Release|Any CPU
	EndGlobalSection
	GlobalSection(ProjectConfigurationPlatforms) = postSolution
		{33E306AE-4F62-479B-9FD2-F08B393AFB70}.Debug|Any CPU.ActiveCfg = Debug|Any CPU
		{33E306AE-4F62-479B-9FD2-F08B393AFB70}.Debug|Any CPU.Build.0 = Debug|Any CPU
		{33E306AE-4F62-479B-9FD2-F08B393AFB70}.Release|Any CPU.ActiveCfg = Release|Any CPU
		{33E306AE-4F62-479B-9FD2-F08B393AFB70}.Release|Any CPU.Build.0 = Release|Any CPU
		{A5930A37-A56B-4BEF-9CA1-9ED063AAD6F0}.Debug|Any CPU.ActiveCfg = Debug|Any CPU
		{A5930A37-A56B-4BEF-9CA1-9ED063AAD6F0}.Debug|Any CPU.Build.0 = Debug|Any CPU
		{A5930A37-A56B-4BEF-9CA1-9ED063AAD6F0}.Release|Any CPU.ActiveCfg = Release|Any CPU
		{A5930A37-A56B-4BEF-9CA1-9ED063AAD6F0}.Release|Any CPU.Build.0 = Release|Any CPU
		{33E306AE-4F62-479B-9FD2-F08B393AFB71}.Debug|Any CPU.ActiveCfg = Debug|Any CPU
		{33E306AE-4F62-479B-9FD2-F08B393AFB71}.Debug|Any CPU.Build.0 = Debug|Any CPU
		{33E306AE-4F62-479B-9FD2-F08B393AFB71}.Release|Any CPU.ActiveCfg = Release|Any CPU
		{33E306AE-4F62-479B-9FD2-F08B393AFB71}.Release|Any CPU.Build.0 = Release|Any CPU
	EndGlobalSection
	GlobalSection(SolutionProperties) = preSolution
		HideSolutionNode = FALSE
	EndGlobalSection
	GlobalSection(ExtensibilityGlobals) = postSolution
		SolutionGuid = {2DD1DC9A-843B-43AA-AD10-22970CBEADA1}
	EndGlobalSection
EndGlobal
