
Microsoft Visual Studio Solution File, Format Version 12.00
# Visual Studio Version 17
VisualStudioVersion = 17.12.35707.178 d17.12
MinimumVisualStudioVersion = 10.0.40219.1
Project("{FAE04EC0-301F-11D3-BF4B-00C04F79EFBC}") = "ADO.NET_WinForm_BD_2.2", "ADO.NET_WinForm_BD_2.2.csproj", "{5524E1C7-EDAB-4C53-BFAF-6145D4400532}"
EndProject
Project("{2150E333-8FDC-42A3-9474-1A3956D46DE8}") = "Solution Items", "Solution Items", "{DB1005AC-37ED-420A-AD84-0B85485FB09C}"
	ProjectSection(SolutionItems) = preProject
		appsettings.json = appsettings.json
		Connector.cs = Connector.cs
		Database.cs = Database.cs
		Query.cs = Query.cs
	EndProjectSection
EndProject
Global
	GlobalSection(SolutionConfigurationPlatforms) = preSolution
		Debug|Any CPU = Debug|Any CPU
		Release|Any CPU = Release|Any CPU
	EndGlobalSection
	GlobalSection(ProjectConfigurationPlatforms) = postSolution
		{5524E1C7-EDAB-4C53-BFAF-6145D4400532}.Debug|Any CPU.ActiveCfg = Debug|Any CPU
		{5524E1C7-EDAB-4C53-BFAF-6145D4400532}.Debug|Any CPU.Build.0 = Debug|Any CPU
		{5524E1C7-EDAB-4C53-BFAF-6145D4400532}.Release|Any CPU.ActiveCfg = Release|Any CPU
		{5524E1C7-EDAB-4C53-BFAF-6145D4400532}.Release|Any CPU.Build.0 = Release|Any CPU
	EndGlobalSection
	GlobalSection(SolutionProperties) = preSolution
		HideSolutionNode = FALSE
	EndGlobalSection
EndGlobal
